// !$*UTF8*$!
{
	archiveVersion = 1;
	classes = {
	};
	objectVersion = 56;
	objects = {

/* Begin PBXBuildFile section */
		6E2FC16528E1C79E00032602 /* MainView.swift in Sources */ = {isa = PBXBuildFile; fileRef = 6E2FC16428E1C79E00032602 /* MainView.swift */; };
		6E2FC16728E1CA1000032602 /* AllRecipes.swift in Sources */ = {isa = PBXBuildFile; fileRef = 6E2FC16628E1CA1000032602 /* AllRecipes.swift */; };
		6E2FC16928E1CA5D00032602 /* Favorites.swift in Sources */ = {isa = PBXBuildFile; fileRef = 6E2FC16828E1CA5D00032602 /* Favorites.swift */; };
		6E2FC16B28E1CA9800032602 /* Settings.swift in Sources */ = {isa = PBXBuildFile; fileRef = 6E2FC16A28E1CA9800032602 /* Settings.swift */; };
		6E6A727628FA00FE004E8EA4 /* Preview.swift in Sources */ = {isa = PBXBuildFile; fileRef = 6E6A727528FA00FE004E8EA4 /* Preview.swift */; };
		6E80603128EB3870003E7194 /* CardView.swift in Sources */ = {isa = PBXBuildFile; fileRef = 6E80603028EB3870003E7194 /* CardView.swift */; };
		6E80603328EB5185003E7194 /* SearchBar.swift in Sources */ = {isa = PBXBuildFile; fileRef = 6E80603228EB5185003E7194 /* SearchBar.swift */; };
		6E80603528EB8DF3003E7194 /* Recipe.swift in Sources */ = {isa = PBXBuildFile; fileRef = 6E80603428EB8DF3003E7194 /* Recipe.swift */; };
		6E80603728EC27F0003E7194 /* viewModel.swift in Sources */ = {isa = PBXBuildFile; fileRef = 6E80603628EC27F0003E7194 /* viewModel.swift */; };
		6EA4B68D28EC42A800D07A6C /* GoogleService-Info.plist in Resources */ = {isa = PBXBuildFile; fileRef = 6EA4B68C28EC42A800D07A6C /* GoogleService-Info.plist */; };
		6EB09FE928F9AFBB0023D14F /* IndividualRecipe.swift in Sources */ = {isa = PBXBuildFile; fileRef = 6EB09FE828F9AFBB0023D14F /* IndividualRecipe.swift */; };
		6EC22C0428DB155F0016726D /* FirebaseAnalytics in Frameworks */ = {isa = PBXBuildFile; productRef = 6EC22C0328DB155F0016726D /* FirebaseAnalytics */; };
		6EC22C0628DB155F0016726D /* FirebaseAnalyticsOnDeviceConversion in Frameworks */ = {isa = PBXBuildFile; productRef = 6EC22C0528DB155F0016726D /* FirebaseAnalyticsOnDeviceConversion */; };
		6EC22C0828DB155F0016726D /* FirebaseAnalyticsSwift in Frameworks */ = {isa = PBXBuildFile; productRef = 6EC22C0728DB155F0016726D /* FirebaseAnalyticsSwift */; };
		6EC22C0A28DB155F0016726D /* FirebaseAppCheck in Frameworks */ = {isa = PBXBuildFile; productRef = 6EC22C0928DB155F0016726D /* FirebaseAppCheck */; };
		6EC22C0C28DB155F0016726D /* FirebaseAuth in Frameworks */ = {isa = PBXBuildFile; productRef = 6EC22C0B28DB155F0016726D /* FirebaseAuth */; };
		6EC22C0E28DB155F0016726D /* FirebaseDatabase in Frameworks */ = {isa = PBXBuildFile; productRef = 6EC22C0D28DB155F0016726D /* FirebaseDatabase */; };
		6EC22C1028DB155F0016726D /* FirebaseFirestore in Frameworks */ = {isa = PBXBuildFile; productRef = 6EC22C0F28DB155F0016726D /* FirebaseFirestore */; };
		6EC22C1228DB155F0016726D /* FirebaseFirestoreCombine-Community in Frameworks */ = {isa = PBXBuildFile; productRef = 6EC22C1128DB155F0016726D /* FirebaseFirestoreCombine-Community */; };
		6EC22C1428DB155F0016726D /* FirebaseFirestoreSwift in Frameworks */ = {isa = PBXBuildFile; productRef = 6EC22C1328DB155F0016726D /* FirebaseFirestoreSwift */; };
		6EC22C1628DB155F0016726D /* FirebaseFunctions in Frameworks */ = {isa = PBXBuildFile; productRef = 6EC22C1528DB155F0016726D /* FirebaseFunctions */; };
		6EC22C1828DB155F0016726D /* FirebaseFunctionsCombine-Community in Frameworks */ = {isa = PBXBuildFile; productRef = 6EC22C1728DB155F0016726D /* FirebaseFunctionsCombine-Community */; };
		6EC22C1A28DB155F0016726D /* FirebaseRemoteConfigSwift in Frameworks */ = {isa = PBXBuildFile; productRef = 6EC22C1928DB155F0016726D /* FirebaseRemoteConfigSwift */; };
		6EC22C1C28DB155F0016726D /* FirebaseStorage in Frameworks */ = {isa = PBXBuildFile; productRef = 6EC22C1B28DB155F0016726D /* FirebaseStorage */; };
		6EC22C1E28DB155F0016726D /* FirebaseStorageCombine-Community in Frameworks */ = {isa = PBXBuildFile; productRef = 6EC22C1D28DB155F0016726D /* FirebaseStorageCombine-Community */; };
		6ED09EE728DA7CB400EA968C /* RainFall.sks in Resources */ = {isa = PBXBuildFile; fileRef = 6ED09EE628DA7CB400EA968C /* RainFall.sks */; };
		6EFDEDBD28DA370600B65176 /* CapitainCookApp.swift in Sources */ = {isa = PBXBuildFile; fileRef = 6EFDEDBC28DA370600B65176 /* CapitainCookApp.swift */; };
		6EFDEDBF28DA370600B65176 /* ContentView.swift in Sources */ = {isa = PBXBuildFile; fileRef = 6EFDEDBE28DA370600B65176 /* ContentView.swift */; };
		6EFDEDC128DA370700B65176 /* Assets.xcassets in Resources */ = {isa = PBXBuildFile; fileRef = 6EFDEDC028DA370700B65176 /* Assets.xcassets */; };
		6EFDEDC428DA370700B65176 /* Preview Assets.xcassets in Resources */ = {isa = PBXBuildFile; fileRef = 6EFDEDC328DA370700B65176 /* Preview Assets.xcassets */; };
		6EFDEDCB28DA388700B65176 /* SplashScreen.swift in Sources */ = {isa = PBXBuildFile; fileRef = 6EFDEDCA28DA388700B65176 /* SplashScreen.swift */; };
		6EFDEDCD28DA601700B65176 /* Onboarding.swift in Sources */ = {isa = PBXBuildFile; fileRef = 6EFDEDCC28DA601700B65176 /* Onboarding.swift */; };
/* End PBXBuildFile section */

/* Begin PBXFileReference section */
		6E2FC16428E1C79E00032602 /* MainView.swift */ = {isa = PBXFileReference; lastKnownFileType = sourcecode.swift; path = MainView.swift; sourceTree = "<group>"; };
		6E2FC16628E1CA1000032602 /* AllRecipes.swift */ = {isa = PBXFileReference; lastKnownFileType = sourcecode.swift; path = AllRecipes.swift; sourceTree = "<group>"; };
		6E2FC16828E1CA5D00032602 /* Favorites.swift */ = {isa = PBXFileReference; lastKnownFileType = sourcecode.swift; path = Favorites.swift; sourceTree = "<group>"; };
		6E2FC16A28E1CA9800032602 /* Settings.swift */ = {isa = PBXFileReference; lastKnownFileType = sourcecode.swift; path = Settings.swift; sourceTree = "<group>"; };
		6E6A727528FA00FE004E8EA4 /* Preview.swift */ = {isa = PBXFileReference; lastKnownFileType = sourcecode.swift; path = Preview.swift; sourceTree = "<group>"; };
		6E80603028EB3870003E7194 /* CardView.swift */ = {isa = PBXFileReference; lastKnownFileType = sourcecode.swift; path = CardView.swift; sourceTree = "<group>"; };
		6E80603228EB5185003E7194 /* SearchBar.swift */ = {isa = PBXFileReference; lastKnownFileType = sourcecode.swift; path = SearchBar.swift; sourceTree = "<group>"; };
		6E80603428EB8DF3003E7194 /* Recipe.swift */ = {isa = PBXFileReference; lastKnownFileType = sourcecode.swift; path = Recipe.swift; sourceTree = "<group>"; };
		6E80603628EC27F0003E7194 /* viewModel.swift */ = {isa = PBXFileReference; lastKnownFileType = sourcecode.swift; path = viewModel.swift; sourceTree = "<group>"; };
		6EA4B68C28EC42A800D07A6C /* GoogleService-Info.plist */ = {isa = PBXFileReference; fileEncoding = 4; lastKnownFileType = text.plist.xml; name = "GoogleService-Info.plist"; path = "../../../../Downloads/GoogleService-Info.plist"; sourceTree = "<group>"; };
		6EA4B68E28EC4C3900D07A6C /* CapitainCook.entitlements */ = {isa = PBXFileReference; lastKnownFileType = text.plist.entitlements; path = CapitainCook.entitlements; sourceTree = "<group>"; };
		6EB09FE828F9AFBB0023D14F /* IndividualRecipe.swift */ = {isa = PBXFileReference; lastKnownFileType = sourcecode.swift; path = IndividualRecipe.swift; sourceTree = "<group>"; };
		6ED09EE628DA7CB400EA968C /* RainFall.sks */ = {isa = PBXFileReference; lastKnownFileType = file.sks; path = RainFall.sks; sourceTree = "<group>"; };
		6EFDEDB928DA370600B65176 /* CapitainCook.app */ = {isa = PBXFileReference; explicitFileType = wrapper.application; includeInIndex = 0; path = CapitainCook.app; sourceTree = BUILT_PRODUCTS_DIR; };
		6EFDEDBC28DA370600B65176 /* CapitainCookApp.swift */ = {isa = PBXFileReference; lastKnownFileType = sourcecode.swift; path = CapitainCookApp.swift; sourceTree = "<group>"; };
		6EFDEDBE28DA370600B65176 /* ContentView.swift */ = {isa = PBXFileReference; lastKnownFileType = sourcecode.swift; path = ContentView.swift; sourceTree = "<group>"; };
		6EFDEDC028DA370700B65176 /* Assets.xcassets */ = {isa = PBXFileReference; lastKnownFileType = folder.assetcatalog; path = Assets.xcassets; sourceTree = "<group>"; };
		6EFDEDC328DA370700B65176 /* Preview Assets.xcassets */ = {isa = PBXFileReference; lastKnownFileType = folder.assetcatalog; path = "Preview Assets.xcassets"; sourceTree = "<group>"; };
		6EFDEDCA28DA388700B65176 /* SplashScreen.swift */ = {isa = PBXFileReference; lastKnownFileType = sourcecode.swift; path = SplashScreen.swift; sourceTree = "<group>"; };
		6EFDEDCC28DA601700B65176 /* Onboarding.swift */ = {isa = PBXFileReference; lastKnownFileType = sourcecode.swift; path = Onboarding.swift; sourceTree = "<group>"; };
/* End PBXFileReference section */

/* Begin PBXFrameworksBuildPhase section */
		6EFDEDB628DA370600B65176 /* Frameworks */ = {
			isa = PBXFrameworksBuildPhase;
			buildActionMask = 2147483647;
			files = (
				6EC22C0E28DB155F0016726D /* FirebaseDatabase in Frameworks */,
				6EC22C1228DB155F0016726D /* FirebaseFirestoreCombine-Community in Frameworks */,
				6EC22C0A28DB155F0016726D /* FirebaseAppCheck in Frameworks */,
				6EC22C0C28DB155F0016726D /* FirebaseAuth in Frameworks */,
				6EC22C0828DB155F0016726D /* FirebaseAnalyticsSwift in Frameworks */,
				6EC22C0428DB155F0016726D /* FirebaseAnalytics in Frameworks */,
				6EC22C0628DB155F0016726D /* FirebaseAnalyticsOnDeviceConversion in Frameworks */,
				6EC22C1628DB155F0016726D /* FirebaseFunctions in Frameworks */,
				6EC22C1E28DB155F0016726D /* FirebaseStorageCombine-Community in Frameworks */,
				6EC22C1C28DB155F0016726D /* FirebaseStorage in Frameworks */,
				6EC22C1028DB155F0016726D /* FirebaseFirestore in Frameworks */,
				6EC22C1A28DB155F0016726D /* FirebaseRemoteConfigSwift in Frameworks */,
				6EC22C1828DB155F0016726D /* FirebaseFunctionsCombine-Community in Frameworks */,
				6EC22C1428DB155F0016726D /* FirebaseFirestoreSwift in Frameworks */,
			);
			runOnlyForDeploymentPostprocessing = 0;
		};
/* End PBXFrameworksBuildPhase section */

/* Begin PBXGroup section */
		6E98DFE828E5A60400DDE33D /* models */ = {
			isa = PBXGroup;
			children = (
				6E80603428EB8DF3003E7194 /* Recipe.swift */,
			);
			path = models;
			sourceTree = "<group>";
		};
		6E98DFE928E5A61D00DDE33D /* screens */ = {
			isa = PBXGroup;
			children = (
				6EFDEDBC28DA370600B65176 /* CapitainCookApp.swift */,
				6EFDEDCC28DA601700B65176 /* Onboarding.swift */,
				6EFDEDBE28DA370600B65176 /* ContentView.swift */,
				6E2FC16A28E1CA9800032602 /* Settings.swift */,
				6E2FC16828E1CA5D00032602 /* Favorites.swift */,
				6E2FC16628E1CA1000032602 /* AllRecipes.swift */,
				6EFDEDCA28DA388700B65176 /* SplashScreen.swift */,
				6E2FC16428E1C79E00032602 /* MainView.swift */,
				6EB09FE828F9AFBB0023D14F /* IndividualRecipe.swift */,
			);
			path = screens;
			sourceTree = "<group>";
		};
		6E98DFEA28E5A62700DDE33D /* views */ = {
			isa = PBXGroup;
			children = (
				6E80603028EB3870003E7194 /* CardView.swift */,
				6E80603228EB5185003E7194 /* SearchBar.swift */,
				6E6A727528FA00FE004E8EA4 /* Preview.swift */,
			);
			path = views;
			sourceTree = "<group>";
		};
		6E98DFEB28E5A62D00DDE33D /* Data */ = {
			isa = PBXGroup;
			children = (
				6E80603628EC27F0003E7194 /* viewModel.swift */,
			);
			path = Data;
			sourceTree = "<group>";
		};
		6EFDEDB028DA370600B65176 = {
			isa = PBXGroup;
			children = (
				6EFDEDBB28DA370600B65176 /* CapitainCook */,
				6EFDEDBA28DA370600B65176 /* Products */,
			);
			sourceTree = "<group>";
		};
		6EFDEDBA28DA370600B65176 /* Products */ = {
			isa = PBXGroup;
			children = (
				6EFDEDB928DA370600B65176 /* CapitainCook.app */,
			);
			name = Products;
			sourceTree = "<group>";
		};
		6EFDEDBB28DA370600B65176 /* CapitainCook */ = {
			isa = PBXGroup;
			children = (
				6EA4B68E28EC4C3900D07A6C /* CapitainCook.entitlements */,
				6E98DFEB28E5A62D00DDE33D /* Data */,
				6E98DFEA28E5A62700DDE33D /* views */,
				6E98DFE928E5A61D00DDE33D /* screens */,
				6E98DFE828E5A60400DDE33D /* models */,
				6EFDEDC028DA370700B65176 /* Assets.xcassets */,
				6EA4B68C28EC42A800D07A6C /* GoogleService-Info.plist */,
				6EFDEDC228DA370700B65176 /* Preview Content */,
				6ED09EE628DA7CB400EA968C /* RainFall.sks */,
			);
			path = CapitainCook;
			sourceTree = "<group>";
		};
		6EFDEDC228DA370700B65176 /* Preview Content */ = {
			isa = PBXGroup;
			children = (
				6EFDEDC328DA370700B65176 /* Preview Assets.xcassets */,
			);
			path = "Preview Content";
			sourceTree = "<group>";
		};
/* End PBXGroup section */

/* Begin PBXNativeTarget section */
		6EFDEDB828DA370600B65176 /* CapitainCook */ = {
			isa = PBXNativeTarget;
			buildConfigurationList = 6EFDEDC728DA370700B65176 /* Build configuration list for PBXNativeTarget "CapitainCook" */;
			buildPhases = (
				6EFDEDB528DA370600B65176 /* Sources */,
				6EFDEDB628DA370600B65176 /* Frameworks */,
				6EFDEDB728DA370600B65176 /* Resources */,
			);
			buildRules = (
			);
			dependencies = (
			);
			name = CapitainCook;
			packageProductDependencies = (
				6EC22C0328DB155F0016726D /* FirebaseAnalytics */,
				6EC22C0528DB155F0016726D /* FirebaseAnalyticsOnDeviceConversion */,
				6EC22C0728DB155F0016726D /* FirebaseAnalyticsSwift */,
				6EC22C0928DB155F0016726D /* FirebaseAppCheck */,
				6EC22C0B28DB155F0016726D /* FirebaseAuth */,
				6EC22C0D28DB155F0016726D /* FirebaseDatabase */,
				6EC22C0F28DB155F0016726D /* FirebaseFirestore */,
				6EC22C1128DB155F0016726D /* FirebaseFirestoreCombine-Community */,
				6EC22C1328DB155F0016726D /* FirebaseFirestoreSwift */,
				6EC22C1528DB155F0016726D /* FirebaseFunctions */,
				6EC22C1728DB155F0016726D /* FirebaseFunctionsCombine-Community */,
				6EC22C1928DB155F0016726D /* FirebaseRemoteConfigSwift */,
				6EC22C1B28DB155F0016726D /* FirebaseStorage */,
				6EC22C1D28DB155F0016726D /* FirebaseStorageCombine-Community */,
			);
			productName = CapitainCook;
			productReference = 6EFDEDB928DA370600B65176 /* CapitainCook.app */;
			productType = "com.apple.product-type.application";
		};
/* End PBXNativeTarget section */

/* Begin PBXProject section */
		6EFDEDB128DA370600B65176 /* Project object */ = {
			isa = PBXProject;
			attributes = {
				BuildIndependentTargetsInParallel = 1;
				LastSwiftUpdateCheck = 1400;
				LastUpgradeCheck = 1400;
				TargetAttributes = {
					6EFDEDB828DA370600B65176 = {
						CreatedOnToolsVersion = 14.0;
					};
				};
			};
			buildConfigurationList = 6EFDEDB428DA370600B65176 /* Build configuration list for PBXProject "CapitainCook" */;
			compatibilityVersion = "Xcode 14.0";
			developmentRegion = en;
			hasScannedForEncodings = 0;
			knownRegions = (
				en,
				Base,
			);
			mainGroup = 6EFDEDB028DA370600B65176;
			packageReferences = (
				6EC22C0228DB155F0016726D /* XCRemoteSwiftPackageReference "firebase-ios-sdk" */,
			);
			productRefGroup = 6EFDEDBA28DA370600B65176 /* Products */;
			projectDirPath = "";
			projectRoot = "";
			targets = (
				6EFDEDB828DA370600B65176 /* CapitainCook */,
			);
		};
/* End PBXProject section */

/* Begin PBXResourcesBuildPhase section */
		6EFDEDB728DA370600B65176 /* Resources */ = {
			isa = PBXResourcesBuildPhase;
			buildActionMask = 2147483647;
			files = (
				6EFDEDC428DA370700B65176 /* Preview Assets.xcassets in Resources */,
				6EA4B68D28EC42A800D07A6C /* GoogleService-Info.plist in Resources */,
				6EFDEDC128DA370700B65176 /* Assets.xcassets in Resources */,
				6ED09EE728DA7CB400EA968C /* RainFall.sks in Resources */,
			);
			runOnlyForDeploymentPostprocessing = 0;
		};
/* End PBXResourcesBuildPhase section */

/* Begin PBXSourcesBuildPhase section */
		6EFDEDB528DA370600B65176 /* Sources */ = {
			isa = PBXSourcesBuildPhase;
			buildActionMask = 2147483647;
			files = (
				6EFDEDCB28DA388700B65176 /* SplashScreen.swift in Sources */,
				6E80603128EB3870003E7194 /* CardView.swift in Sources */,
				6E2FC16528E1C79E00032602 /* MainView.swift in Sources */,
				6EFDEDBF28DA370600B65176 /* ContentView.swift in Sources */,
				6E6A727628FA00FE004E8EA4 /* Preview.swift in Sources */,
				6EB09FE928F9AFBB0023D14F /* IndividualRecipe.swift in Sources */,
				6E2FC16728E1CA1000032602 /* AllRecipes.swift in Sources */,
				6E2FC16928E1CA5D00032602 /* Favorites.swift in Sources */,
				6E2FC16B28E1CA9800032602 /* Settings.swift in Sources */,
				6E80603328EB5185003E7194 /* SearchBar.swift in Sources */,
				6EFDEDCD28DA601700B65176 /* Onboarding.swift in Sources */,
				6EFDEDBD28DA370600B65176 /* CapitainCookApp.swift in Sources */,
				6E80603728EC27F0003E7194 /* viewModel.swift in Sources */,
				6E80603528EB8DF3003E7194 /* Recipe.swift in Sources */,
			);
			runOnlyForDeploymentPostprocessing = 0;
		};
/* End PBXSourcesBuildPhase section */

/* Begin XCBuildConfiguration section */
		6EFDEDC528DA370700B65176 /* Debug */ = {
			isa = XCBuildConfiguration;
			buildSettings = {
				ALWAYS_SEARCH_USER_PATHS = NO;
				CLANG_ANALYZER_NONNULL = YES;
				CLANG_ANALYZER_NUMBER_OBJECT_CONVERSION = YES_AGGRESSIVE;
				CLANG_CXX_LANGUAGE_STANDARD = "gnu++20";
				CLANG_ENABLE_MODULES = YES;
				CLANG_ENABLE_OBJC_ARC = YES;
				CLANG_ENABLE_OBJC_WEAK = YES;
				CLANG_WARN_BLOCK_CAPTURE_AUTORELEASING = YES;
				CLANG_WARN_BOOL_CONVERSION = YES;
				CLANG_WARN_COMMA = YES;
				CLANG_WARN_CONSTANT_CONVERSION = YES;
				CLANG_WARN_DEPRECATED_OBJC_IMPLEMENTATIONS = YES;
				CLANG_WARN_DIRECT_OBJC_ISA_USAGE = YES_ERROR;
				CLANG_WARN_DOCUMENTATION_COMMENTS = YES;
				CLANG_WARN_EMPTY_BODY = YES;
				CLANG_WARN_ENUM_CONVERSION = YES;
				CLANG_WARN_INFINITE_RECURSION = YES;
				CLANG_WARN_INT_CONVERSION = YES;
				CLANG_WARN_NON_LITERAL_NULL_CONVERSION = YES;
				CLANG_WARN_OBJC_IMPLICIT_RETAIN_SELF = YES;
				CLANG_WARN_OBJC_LITERAL_CONVERSION = YES;
				CLANG_WARN_OBJC_ROOT_CLASS = YES_ERROR;
				CLANG_WARN_QUOTED_INCLUDE_IN_FRAMEWORK_HEADER = YES;
				CLANG_WARN_RANGE_LOOP_ANALYSIS = YES;
				CLANG_WARN_STRICT_PROTOTYPES = YES;
				CLANG_WARN_SUSPICIOUS_MOVE = YES;
				CLANG_WARN_UNGUARDED_AVAILABILITY = YES_AGGRESSIVE;
				CLANG_WARN_UNREACHABLE_CODE = YES;
				CLANG_WARN__DUPLICATE_METHOD_MATCH = YES;
				COPY_PHASE_STRIP = NO;
				DEBUG_INFORMATION_FORMAT = dwarf;
				ENABLE_STRICT_OBJC_MSGSEND = YES;
				ENABLE_TESTABILITY = YES;
				GCC_C_LANGUAGE_STANDARD = gnu11;
				GCC_DYNAMIC_NO_PIC = NO;
				GCC_NO_COMMON_BLOCKS = YES;
				GCC_OPTIMIZATION_LEVEL = 0;
				GCC_PREPROCESSOR_DEFINITIONS = (
					"DEBUG=1",
					"$(inherited)",
				);
				GCC_WARN_64_TO_32_BIT_CONVERSION = YES;
				GCC_WARN_ABOUT_RETURN_TYPE = YES_ERROR;
				GCC_WARN_UNDECLARED_SELECTOR = YES;
				GCC_WARN_UNINITIALIZED_AUTOS = YES_AGGRESSIVE;
				GCC_WARN_UNUSED_FUNCTION = YES;
				GCC_WARN_UNUSED_VARIABLE = YES;
				IPHONEOS_DEPLOYMENT_TARGET = 16.0;
				MTL_ENABLE_DEBUG_INFO = INCLUDE_SOURCE;
				MTL_FAST_MATH = YES;
				ONLY_ACTIVE_ARCH = YES;
				SDKROOT = iphoneos;
				SWIFT_ACTIVE_COMPILATION_CONDITIONS = DEBUG;
				SWIFT_OPTIMIZATION_LEVEL = "-Onone";
			};
			name = Debug;
		};
		6EFDEDC628DA370700B65176 /* Release */ = {
			isa = XCBuildConfiguration;
			buildSettings = {
				ALWAYS_SEARCH_USER_PATHS = NO;
				CLANG_ANALYZER_NONNULL = YES;
				CLANG_ANALYZER_NUMBER_OBJECT_CONVERSION = YES_AGGRESSIVE;
				CLANG_CXX_LANGUAGE_STANDARD = "gnu++20";
				CLANG_ENABLE_MODULES = YES;
				CLANG_ENABLE_OBJC_ARC = YES;
				CLANG_ENABLE_OBJC_WEAK = YES;
				CLANG_WARN_BLOCK_CAPTURE_AUTORELEASING = YES;
				CLANG_WARN_BOOL_CONVERSION = YES;
				CLANG_WARN_COMMA = YES;
				CLANG_WARN_CONSTANT_CONVERSION = YES;
				CLANG_WARN_DEPRECATED_OBJC_IMPLEMENTATIONS = YES;
				CLANG_WARN_DIRECT_OBJC_ISA_USAGE = YES_ERROR;
				CLANG_WARN_DOCUMENTATION_COMMENTS = YES;
				CLANG_WARN_EMPTY_BODY = YES;
				CLANG_WARN_ENUM_CONVERSION = YES;
				CLANG_WARN_INFINITE_RECURSION = YES;
				CLANG_WARN_INT_CONVERSION = YES;
				CLANG_WARN_NON_LITERAL_NULL_CONVERSION = YES;
				CLANG_WARN_OBJC_IMPLICIT_RETAIN_SELF = YES;
				CLANG_WARN_OBJC_LITERAL_CONVERSION = YES;
				CLANG_WARN_OBJC_ROOT_CLASS = YES_ERROR;
				CLANG_WARN_QUOTED_INCLUDE_IN_FRAMEWORK_HEADER = YES;
				CLANG_WARN_RANGE_LOOP_ANALYSIS = YES;
				CLANG_WARN_STRICT_PROTOTYPES = YES;
				CLANG_WARN_SUSPICIOUS_MOVE = YES;
				CLANG_WARN_UNGUARDED_AVAILABILITY = YES_AGGRESSIVE;
				CLANG_WARN_UNREACHABLE_CODE = YES;
				CLANG_WARN__DUPLICATE_METHOD_MATCH = YES;
				COPY_PHASE_STRIP = NO;
				DEBUG_INFORMATION_FORMAT = "dwarf-with-dsym";
				ENABLE_NS_ASSERTIONS = NO;
				ENABLE_STRICT_OBJC_MSGSEND = YES;
				GCC_C_LANGUAGE_STANDARD = gnu11;
				GCC_NO_COMMON_BLOCKS = YES;
				GCC_WARN_64_TO_32_BIT_CONVERSION = YES;
				GCC_WARN_ABOUT_RETURN_TYPE = YES_ERROR;
				GCC_WARN_UNDECLARED_SELECTOR = YES;
				GCC_WARN_UNINITIALIZED_AUTOS = YES_AGGRESSIVE;
				GCC_WARN_UNUSED_FUNCTION = YES;
				GCC_WARN_UNUSED_VARIABLE = YES;
				IPHONEOS_DEPLOYMENT_TARGET = 16.0;
				MTL_ENABLE_DEBUG_INFO = NO;
				MTL_FAST_MATH = YES;
				SDKROOT = iphoneos;
				SWIFT_COMPILATION_MODE = wholemodule;
				SWIFT_OPTIMIZATION_LEVEL = "-O";
				VALIDATE_PRODUCT = YES;
			};
			name = Release;
		};
		6EFDEDC828DA370700B65176 /* Debug */ = {
			isa = XCBuildConfiguration;
			buildSettings = {
				ASSETCATALOG_COMPILER_APPICON_NAME = AppIcon;
				ASSETCATALOG_COMPILER_GLOBAL_ACCENT_COLOR_NAME = AccentColor;
				CODE_SIGN_ENTITLEMENTS = CapitainCook/CapitainCook.entitlements;
				CODE_SIGN_STYLE = Automatic;
				CURRENT_PROJECT_VERSION = 1;
				DEVELOPMENT_ASSET_PATHS = "\"CapitainCook/Preview Content\"";
				DEVELOPMENT_TEAM = VARVZQCW82;
				ENABLE_PREVIEWS = YES;
				GENERATE_INFOPLIST_FILE = YES;
				INFOPLIST_KEY_LSApplicationCategoryType = "public.app-category.food-and-drink";
				INFOPLIST_KEY_UIApplicationSceneManifest_Generation = YES;
				INFOPLIST_KEY_UIApplicationSupportsIndirectInputEvents = YES;
				INFOPLIST_KEY_UILaunchScreen_Generation = YES;
				INFOPLIST_KEY_UISupportedInterfaceOrientations_iPad = "UIInterfaceOrientationPortrait UIInterfaceOrientationPortraitUpsideDown UIInterfaceOrientationLandscapeLeft UIInterfaceOrientationLandscapeRight";
				INFOPLIST_KEY_UISupportedInterfaceOrientations_iPhone = "UIInterfaceOrientationPortrait UIInterfaceOrientationLandscapeLeft UIInterfaceOrientationLandscapeRight";
				LD_RUNPATH_SEARCH_PATHS = (
					"$(inherited)",
					"@executable_path/Frameworks",
				);
				MARKETING_VERSION = 1.0;
				PRODUCT_BUNDLE_IDENTIFIER = com.Leander.CapitainCook;
				PRODUCT_NAME = "$(TARGET_NAME)";
				SWIFT_EMIT_LOC_STRINGS = YES;
				SWIFT_VERSION = 5.0;
				TARGETED_DEVICE_FAMILY = "1,2";
			};
			name = Debug;
		};
		6EFDEDC928DA370700B65176 /* Release */ = {
			isa = XCBuildConfiguration;
			buildSettings = {
				ASSETCATALOG_COMPILER_APPICON_NAME = AppIcon;
				ASSETCATALOG_COMPILER_GLOBAL_ACCENT_COLOR_NAME = AccentColor;
				CODE_SIGN_ENTITLEMENTS = CapitainCook/CapitainCook.entitlements;
				CODE_SIGN_STYLE = Automatic;
				CURRENT_PROJECT_VERSION = 1;
				DEVELOPMENT_ASSET_PATHS = "\"CapitainCook/Preview Content\"";
				DEVELOPMENT_TEAM = VARVZQCW82;
				ENABLE_PREVIEWS = YES;
				GENERATE_INFOPLIST_FILE = YES;
				INFOPLIST_KEY_LSApplicationCategoryType = "public.app-category.food-and-drink";
				INFOPLIST_KEY_UIApplicationSceneManifest_Generation = YES;
				INFOPLIST_KEY_UIApplicationSupportsIndirectInputEvents = YES;
				INFOPLIST_KEY_UILaunchScreen_Generation = YES;
				INFOPLIST_KEY_UISupportedInterfaceOrientations_iPad = "UIInterfaceOrientationPortrait UIInterfaceOrientationPortraitUpsideDown UIInterfaceOrientationLandscapeLeft UIInterfaceOrientationLandscapeRight";
				INFOPLIST_KEY_UISupportedInterfaceOrientations_iPhone = "UIInterfaceOrientationPortrait UIInterfaceOrientationLandscapeLeft UIInterfaceOrientationLandscapeRight";
				LD_RUNPATH_SEARCH_PATHS = (
					"$(inherited)",
					"@executable_path/Frameworks",
				);
				MARKETING_VERSION = 1.0;
				PRODUCT_BUNDLE_IDENTIFIER = com.Leander.CapitainCook;
				PRODUCT_NAME = "$(TARGET_NAME)";
				SWIFT_EMIT_LOC_STRINGS = YES;
				SWIFT_VERSION = 5.0;
				TARGETED_DEVICE_FAMILY = "1,2";
			};
			name = Release;
		};
/* End XCBuildConfiguration section */

/* Begin XCConfigurationList section */
		6EFDEDB428DA370600B65176 /* Build configuration list for PBXProject "CapitainCook" */ = {
			isa = XCConfigurationList;
			buildConfigurations = (
				6EFDEDC528DA370700B65176 /* Debug */,
				6EFDEDC628DA370700B65176 /* Release */,
			);
			defaultConfigurationIsVisible = 0;
			defaultConfigurationName = Release;
		};
		6EFDEDC728DA370700B65176 /* Build configuration list for PBXNativeTarget "CapitainCook" */ = {
			isa = XCConfigurationList;
			buildConfigurations = (
				6EFDEDC828DA370700B65176 /* Debug */,
				6EFDEDC928DA370700B65176 /* Release */,
			);
			defaultConfigurationIsVisible = 0;
			defaultConfigurationName = Release;
		};
/* End XCConfigurationList section */

/* Begin XCRemoteSwiftPackageReference section */
		6EC22C0228DB155F0016726D /* XCRemoteSwiftPackageReference "firebase-ios-sdk" */ = {
			isa = XCRemoteSwiftPackageReference;
			repositoryURL = "https://github.com/firebase/firebase-ios-sdk";
			requirement = {
				kind = upToNextMajorVersion;
				minimumVersion = 9.0.0;
			};
		};
/* End XCRemoteSwiftPackageReference section */

/* Begin XCSwiftPackageProductDependency section */
		6EC22C0328DB155F0016726D /* FirebaseAnalytics */ = {
			isa = XCSwiftPackageProductDependency;
			package = 6EC22C0228DB155F0016726D /* XCRemoteSwiftPackageReference "firebase-ios-sdk" */;
			productName = FirebaseAnalytics;
		};
		6EC22C0528DB155F0016726D /* FirebaseAnalyticsOnDeviceConversion */ = {
			isa = XCSwiftPackageProductDependency;
			package = 6EC22C0228DB155F0016726D /* XCRemoteSwiftPackageReference "firebase-ios-sdk" */;
			productName = FirebaseAnalyticsOnDeviceConversion;
		};
		6EC22C0728DB155F0016726D /* FirebaseAnalyticsSwift */ = {
			isa = XCSwiftPackageProductDependency;
			package = 6EC22C0228DB155F0016726D /* XCRemoteSwiftPackageReference "firebase-ios-sdk" */;
			productName = FirebaseAnalyticsSwift;
		};
		6EC22C0928DB155F0016726D /* FirebaseAppCheck */ = {
			isa = XCSwiftPackageProductDependency;
			package = 6EC22C0228DB155F0016726D /* XCRemoteSwiftPackageReference "firebase-ios-sdk" */;
			productName = FirebaseAppCheck;
		};
		6EC22C0B28DB155F0016726D /* FirebaseAuth */ = {
			isa = XCSwiftPackageProductDependency;
			package = 6EC22C0228DB155F0016726D /* XCRemoteSwiftPackageReference "firebase-ios-sdk" */;
			productName = FirebaseAuth;
		};
		6EC22C0D28DB155F0016726D /* FirebaseDatabase */ = {
			isa = XCSwiftPackageProductDependency;
			package = 6EC22C0228DB155F0016726D /* XCRemoteSwiftPackageReference "firebase-ios-sdk" */;
			productName = FirebaseDatabase;
		};
		6EC22C0F28DB155F0016726D /* FirebaseFirestore */ = {
			isa = XCSwiftPackageProductDependency;
			package = 6EC22C0228DB155F0016726D /* XCRemoteSwiftPackageReference "firebase-ios-sdk" */;
			productName = FirebaseFirestore;
		};
		6EC22C1128DB155F0016726D /* FirebaseFirestoreCombine-Community */ = {
			isa = XCSwiftPackageProductDependency;
			package = 6EC22C0228DB155F0016726D /* XCRemoteSwiftPackageReference "firebase-ios-sdk" */;
			productName = "FirebaseFirestoreCombine-Community";
		};
		6EC22C1328DB155F0016726D /* FirebaseFirestoreSwift */ = {
			isa = XCSwiftPackageProductDependency;
			package = 6EC22C0228DB155F0016726D /* XCRemoteSwiftPackageReference "firebase-ios-sdk" */;
			productName = FirebaseFirestoreSwift;
		};
		6EC22C1528DB155F0016726D /* FirebaseFunctions */ = {
			isa = XCSwiftPackageProductDependency;
			package = 6EC22C0228DB155F0016726D /* XCRemoteSwiftPackageReference "firebase-ios-sdk" */;
			productName = FirebaseFunctions;
		};
		6EC22C1728DB155F0016726D /* FirebaseFunctionsCombine-Community */ = {
			isa = XCSwiftPackageProductDependency;
			package = 6EC22C0228DB155F0016726D /* XCRemoteSwiftPackageReference "firebase-ios-sdk" */;
			productName = "FirebaseFunctionsCombine-Community";
		};
		6EC22C1928DB155F0016726D /* FirebaseRemoteConfigSwift */ = {
			isa = XCSwiftPackageProductDependency;
			package = 6EC22C0228DB155F0016726D /* XCRemoteSwiftPackageReference "firebase-ios-sdk" */;
			productName = FirebaseRemoteConfigSwift;
		};
		6EC22C1B28DB155F0016726D /* FirebaseStorage */ = {
			isa = XCSwiftPackageProductDependency;
			package = 6EC22C0228DB155F0016726D /* XCRemoteSwiftPackageReference "firebase-ios-sdk" */;
			productName = FirebaseStorage;
		};
		6EC22C1D28DB155F0016726D /* FirebaseStorageCombine-Community */ = {
			isa = XCSwiftPackageProductDependency;
			package = 6EC22C0228DB155F0016726D /* XCRemoteSwiftPackageReference "firebase-ios-sdk" */;
			productName = "FirebaseStorageCombine-Community";
		};
/* End XCSwiftPackageProductDependency section */
	};
	rootObject = 6EFDEDB128DA370600B65176 /* Project object */;
}
